
Microsoft Visual Studio Solution File, Format Version 12.00
# Visual Studio Version 17
VisualStudioVersion = 17.9.34723.18
MinimumVisualStudioVersion = 10.0.40219.1
Project("{FAE04EC0-301F-11D3-BF4B-00C04F79EFBC}") = "HelloWord", "HelloWord\HelloWord.csproj", "{EED4ACE1-BAA7-4B4C-86B5-1B3A3AC29AA5}"
EndProject
Global
	GlobalSection(SolutionConfigurationPlatforms) = preSolution
		Debug|Any CPU = Debug|Any CPU
		Release|Any CPU = Release|Any CPU
	EndGlobalSection
	GlobalSection(ProjectConfigurationPlatforms) = postSolution
		{EED4ACE1-BAA7-4B4C-86B5-1B3A3AC29AA5}.Debug|Any CPU.ActiveCfg = Debug|Any CPU
		{EED4ACE1-BAA7-4B4C-86B5-1B3A3AC29AA5}.Debug|Any CPU.Build.0 = Debug|Any CPU
		{EED4ACE1-BAA7-4B4C-86B5-1B3A3AC29AA5}.Release|Any CPU.ActiveCfg = Release|Any CPU
		{EED4ACE1-BAA7-4B4C-86B5-1B3A3AC29AA5}.Release|Any CPU.Build.0 = Release|Any CPU
	EndGlobalSection
	GlobalSection(SolutionProperties) = preSolution
		HideSolutionNode = FALSE
	EndGlobalSection
	GlobalSection(ExtensibilityGlobals) = postSolution
		SolutionGuid = {3A67047E-BB83-439C-A897-F89977457B02}
	EndGlobalSection
EndGlobal
