
Microsoft Visual Studio Solution File, Format Version 12.00
# Visual Studio Version 17
VisualStudioVersion = 17.9.34723.18
MinimumVisualStudioVersion = 10.0.40219.1
Project("{FAE04EC0-301F-11D3-BF4B-00C04F79EFBC}") = "UsandoVariaveis", "UsandoVariaveis\UsandoVariaveis.csproj", "{DC5B93B4-9499-4F6A-92EE-077C1D809E0A}"
EndProject
Global
	GlobalSection(SolutionConfigurationPlatforms) = preSolution
		Debug|Any CPU = Debug|Any CPU
		Release|Any CPU = Release|Any CPU
	EndGlobalSection
	GlobalSection(ProjectConfigurationPlatforms) = postSolution
		{DC5B93B4-9499-4F6A-92EE-077C1D809E0A}.Debug|Any CPU.ActiveCfg = Debug|Any CPU
		{DC5B93B4-9499-4F6A-92EE-077C1D809E0A}.Debug|Any CPU.Build.0 = Debug|Any CPU
		{DC5B93B4-9499-4F6A-92EE-077C1D809E0A}.Release|Any CPU.ActiveCfg = Release|Any CPU
		{DC5B93B4-9499-4F6A-92EE-077C1D809E0A}.Release|Any CPU.Build.0 = Release|Any CPU
	EndGlobalSection
	GlobalSection(SolutionProperties) = preSolution
		HideSolutionNode = FALSE
	EndGlobalSection
	GlobalSection(ExtensibilityGlobals) = postSolution
		SolutionGuid = {C3C5EAE2-4E27-489F-841E-9FB6446768DC}
	EndGlobalSection
EndGlobal
